
Microsoft Visual Studio Solution File, Format Version 12.00
# Visual Studio Version 16
VisualStudioVersion = 16.0.30804.86
MinimumVisualStudioVersion = 10.0.40219.1
Project("{FAE04EC0-301F-11D3-BF4B-00C04F79EFBC}") = "Websuma", "Websuma\Websuma.csproj", "{AF765846-0533-428C-A00B-357E63FBD5DE}"
EndProject
Global
	GlobalSection(SolutionConfigurationPlatforms) = preSolution
		Debug|Any CPU = Debug|Any CPU
		Release|Any CPU = Release|Any CPU
	EndGlobalSection
	GlobalSection(ProjectConfigurationPlatforms) = postSolution
		{AF765846-0533-428C-A00B-357E63FBD5DE}.Debug|Any CPU.ActiveCfg = Debug|Any CPU
		{AF765846-0533-428C-A00B-357E63FBD5DE}.Debug|Any CPU.Build.0 = Debug|Any CPU
		{AF765846-0533-428C-A00B-357E63FBD5DE}.Release|Any CPU.ActiveCfg = Release|Any CPU
		{AF765846-0533-428C-A00B-357E63FBD5DE}.Release|Any CPU.Build.0 = Release|Any CPU
	EndGlobalSection
	GlobalSection(SolutionProperties) = preSolution
		HideSolutionNode = FALSE
	EndGlobalSection
	GlobalSection(ExtensibilityGlobals) = postSolution
		SolutionGuid = {C80530C5-3E89-4F12-8940-F58BB4D7DF84}
	EndGlobalSection
EndGlobal
